
Microsoft Visual Studio Solution File, Format Version 12.00
# Visual Studio Version 17
VisualStudioVersion = 17.9.34616.47
MinimumVisualStudioVersion = 10.0.40219.1
Project("{FAE04EC0-301F-11D3-BF4B-00C04F79EFBC}") = "Task1", "Task1\Task1.csproj", "{022764A8-CDB7-4C0B-8C64-533FB0F9A2EE}"
EndProject
Project("{FAE04EC0-301F-11D3-BF4B-00C04F79EFBC}") = "Task2", "Task2\Task2.csproj", "{EBCE83BE-766A-4156-9010-39107621421C}"
EndProject
Project("{FAE04EC0-301F-11D3-BF4B-00C04F79EFBC}") = "Task3", "Task3\Task3.csproj", "{2F1C9AF2-FA0A-4F97-B597-8FD1DA2DAB67}"
EndProject
Global
	GlobalSection(SolutionConfigurationPlatforms) = preSolution
		Debug|Any CPU = Debug|Any CPU
		Release|Any CPU = Release|Any CPU
	EndGlobalSection
	GlobalSection(ProjectConfigurationPlatforms) = postSolution
		{022764A8-CDB7-4C0B-8C64-533FB0F9A2EE}.Debug|Any CPU.ActiveCfg = Debug|Any CPU
		{022764A8-CDB7-4C0B-8C64-533FB0F9A2EE}.Debug|Any CPU.Build.0 = Debug|Any CPU
		{022764A8-CDB7-4C0B-8C64-533FB0F9A2EE}.Release|Any CPU.ActiveCfg = Release|Any CPU
		{022764A8-CDB7-4C0B-8C64-533FB0F9A2EE}.Release|Any CPU.Build.0 = Release|Any CPU
		{EBCE83BE-766A-4156-9010-39107621421C}.Debug|Any CPU.ActiveCfg = Debug|Any CPU
		{EBCE83BE-766A-4156-9010-39107621421C}.Debug|Any CPU.Build.0 = Debug|Any CPU
		{EBCE83BE-766A-4156-9010-39107621421C}.Release|Any CPU.ActiveCfg = Release|Any CPU
		{EBCE83BE-766A-4156-9010-39107621421C}.Release|Any CPU.Build.0 = Release|Any CPU
		{2F1C9AF2-FA0A-4F97-B597-8FD1DA2DAB67}.Debug|Any CPU.ActiveCfg = Debug|Any CPU
		{2F1C9AF2-FA0A-4F97-B597-8FD1DA2DAB67}.Debug|Any CPU.Build.0 = Debug|Any CPU
		{2F1C9AF2-FA0A-4F97-B597-8FD1DA2DAB67}.Release|Any CPU.ActiveCfg = Release|Any CPU
		{2F1C9AF2-FA0A-4F97-B597-8FD1DA2DAB67}.Release|Any CPU.Build.0 = Release|Any CPU
	EndGlobalSection
	GlobalSection(SolutionProperties) = preSolution
		HideSolutionNode = FALSE
	EndGlobalSection
	GlobalSection(ExtensibilityGlobals) = postSolution
		SolutionGuid = {A604D7DB-BB63-452E-9AC9-0F02EEBB6E3F}
	EndGlobalSection
EndGlobal
